// !$*UTF8*$!
{
	archiveVersion = 1;
	classes = {
	};
	objectVersion = 46;
	objects = {

/* Begin PBXBuildFile section */
		3A94EDE61AB505C200F1243A /* FlickrFetcher.m in Sources */ = {isa = PBXBuildFile; fileRef = 3A94EDE51AB505C200F1243A /* FlickrFetcher.m */; };
		8F5C421F19CB6E9E00699E63 /* Foundation.framework in Frameworks */ = {isa = PBXBuildFile; fileRef = 8F5C421E19CB6E9E00699E63 /* Foundation.framework */; };
		8F5C422119CB6E9E00699E63 /* CoreGraphics.framework in Frameworks */ = {isa = PBXBuildFile; fileRef = 8F5C422019CB6E9E00699E63 /* CoreGraphics.framework */; };
		8F5C422319CB6E9E00699E63 /* UIKit.framework in Frameworks */ = {isa = PBXBuildFile; fileRef = 8F5C422219CB6E9E00699E63 /* UIKit.framework */; };
		8F5C422919CB6E9E00699E63 /* InfoPlist.strings in Resources */ = {isa = PBXBuildFile; fileRef = 8F5C422719CB6E9E00699E63 /* InfoPlist.strings */; };
		8F5C422B19CB6E9E00699E63 /* main.m in Sources */ = {isa = PBXBuildFile; fileRef = 8F5C422A19CB6E9E00699E63 /* main.m */; };
		8F5C422F19CB6E9E00699E63 /* AppDelegate.m in Sources */ = {isa = PBXBuildFile; fileRef = 8F5C422E19CB6E9E00699E63 /* AppDelegate.m */; };
		8F5C423219CB6E9E00699E63 /* Main_iPhone.storyboard in Resources */ = {isa = PBXBuildFile; fileRef = 8F5C423019CB6E9E00699E63 /* Main_iPhone.storyboard */; };
		8F5C423519CB6E9E00699E63 /* Main_iPad.storyboard in Resources */ = {isa = PBXBuildFile; fileRef = 8F5C423319CB6E9E00699E63 /* Main_iPad.storyboard */; };
		8F5C423A19CB6E9E00699E63 /* Images.xcassets in Resources */ = {isa = PBXBuildFile; fileRef = 8F5C423919CB6E9E00699E63 /* Images.xcassets */; };
		8F5C424119CB6E9E00699E63 /* XCTest.framework in Frameworks */ = {isa = PBXBuildFile; fileRef = 8F5C424019CB6E9E00699E63 /* XCTest.framework */; };
		8F5C424219CB6E9E00699E63 /* Foundation.framework in Frameworks */ = {isa = PBXBuildFile; fileRef = 8F5C421E19CB6E9E00699E63 /* Foundation.framework */; };
		8F5C424319CB6E9E00699E63 /* UIKit.framework in Frameworks */ = {isa = PBXBuildFile; fileRef = 8F5C422219CB6E9E00699E63 /* UIKit.framework */; };
		8F5C424B19CB6E9E00699E63 /* InfoPlist.strings in Resources */ = {isa = PBXBuildFile; fileRef = 8F5C424919CB6E9E00699E63 /* InfoPlist.strings */; };
		8F5C424D19CB6E9E00699E63 /* FlickrStreamTests.m in Sources */ = {isa = PBXBuildFile; fileRef = 8F5C424C19CB6E9E00699E63 /* FlickrStreamTests.m */; };
		8F5C425819CB6F2100699E63 /* FlickrPhotosTVC.m in Sources */ = {isa = PBXBuildFile; fileRef = 8F5C425719CB6F2100699E63 /* FlickrPhotosTVC.m */; };
		8F5C425B19CB701900699E63 /* JustPostedTVC.m in Sources */ = {isa = PBXBuildFile; fileRef = 8F5C425A19CB701900699E63 /* JustPostedTVC.m */; };
		8F690F0219CB7D2F0074E573 /* ImageViewController.m in Sources */ = {isa = PBXBuildFile; fileRef = 8F690F0119CB7D2F0074E573 /* ImageViewController.m */; };
/* End PBXBuildFile section */

/* Begin PBXContainerItemProxy section */
		8F5C424419CB6E9E00699E63 /* PBXContainerItemProxy */ = {
			isa = PBXContainerItemProxy;
			containerPortal = 8F5C421319CB6E9E00699E63 /* Project object */;
			proxyType = 1;
			remoteGlobalIDString = 8F5C421A19CB6E9E00699E63;
			remoteInfo = FlickrStream;
		};
/* End PBXContainerItemProxy section */

/* Begin PBXFileReference section */
		3A94EDE31AB505C200F1243A /* FlickrAPIKey.h */ = {isa = PBXFileReference; fileEncoding = 4; lastKnownFileType = sourcecode.c.h; path = FlickrAPIKey.h; sourceTree = "<group>"; };
		3A94EDE41AB505C200F1243A /* FlickrFetcher.h */ = {isa = PBXFileReference; fileEncoding = 4; lastKnownFileType = sourcecode.c.h; path = FlickrFetcher.h; sourceTree = "<group>"; };
		3A94EDE51AB505C200F1243A /* FlickrFetcher.m */ = {isa = PBXFileReference; fileEncoding = 4; lastKnownFileType = sourcecode.c.objc; path = FlickrFetcher.m; sourceTree = "<group>"; };
		8F5C421B19CB6E9E00699E63 /* FlickrStream.app */ = {isa = PBXFileReference; explicitFileType = wrapper.application; includeInIndex = 0; path = FlickrStream.app; sourceTree = BUILT_PRODUCTS_DIR; };
		8F5C421E19CB6E9E00699E63 /* Foundation.framework */ = {isa = PBXFileReference; lastKnownFileType = wrapper.framework; name = Foundation.framework; path = System/Library/Frameworks/Foundation.framework; sourceTree = SDKROOT; };
		8F5C422019CB6E9E00699E63 /* CoreGraphics.framework */ = {isa = PBXFileReference; lastKnownFileType = wrapper.framework; name = CoreGraphics.framework; path = System/Library/Frameworks/CoreGraphics.framework; sourceTree = SDKROOT; };
		8F5C422219CB6E9E00699E63 /* UIKit.framework */ = {isa = PBXFileReference; lastKnownFileType = wrapper.framework; name = UIKit.framework; path = System/Library/Frameworks/UIKit.framework; sourceTree = SDKROOT; };
		8F5C422619CB6E9E00699E63 /* FlickrStream-Info.plist */ = {isa = PBXFileReference; lastKnownFileType = text.plist.xml; path = "FlickrStream-Info.plist"; sourceTree = "<group>"; };
		8F5C422819CB6E9E00699E63 /* en */ = {isa = PBXFileReference; lastKnownFileType = text.plist.strings; name = en; path = en.lproj/InfoPlist.strings; sourceTree = "<group>"; };
		8F5C422A19CB6E9E00699E63 /* main.m */ = {isa = PBXFileReference; lastKnownFileType = sourcecode.c.objc; path = main.m; sourceTree = "<group>"; };
		8F5C422C19CB6E9E00699E63 /* FlickrStream-Prefix.pch */ = {isa = PBXFileReference; lastKnownFileType = sourcecode.c.h; path = "FlickrStream-Prefix.pch"; sourceTree = "<group>"; };
		8F5C422D19CB6E9E00699E63 /* AppDelegate.h */ = {isa = PBXFileReference; lastKnownFileType = sourcecode.c.h; path = AppDelegate.h; sourceTree = "<group>"; };
		8F5C422E19CB6E9E00699E63 /* AppDelegate.m */ = {isa = PBXFileReference; lastKnownFileType = sourcecode.c.objc; path = AppDelegate.m; sourceTree = "<group>"; };
		8F5C423119CB6E9E00699E63 /* Base */ = {isa = PBXFileReference; lastKnownFileType = file.storyboard; name = Base; path = Base.lproj/Main_iPhone.storyboard; sourceTree = "<group>"; };
		8F5C423419CB6E9E00699E63 /* Base */ = {isa = PBXFileReference; lastKnownFileType = file.storyboard; name = Base; path = Base.lproj/Main_iPad.storyboard; sourceTree = "<group>"; };
		8F5C423919CB6E9E00699E63 /* Images.xcassets */ = {isa = PBXFileReference; lastKnownFileType = folder.assetcatalog; path = Images.xcassets; sourceTree = "<group>"; };
		8F5C423F19CB6E9E00699E63 /* FlickrStreamTests.xctest */ = {isa = PBXFileReference; explicitFileType = wrapper.cfbundle; includeInIndex = 0; path = FlickrStreamTests.xctest; sourceTree = BUILT_PRODUCTS_DIR; };
		8F5C424019CB6E9E00699E63 /* XCTest.framework */ = {isa = PBXFileReference; lastKnownFileType = wrapper.framework; name = XCTest.framework; path = Library/Frameworks/XCTest.framework; sourceTree = DEVELOPER_DIR; };
		8F5C424819CB6E9E00699E63 /* FlickrStreamTests-Info.plist */ = {isa = PBXFileReference; lastKnownFileType = text.plist.xml; path = "FlickrStreamTests-Info.plist"; sourceTree = "<group>"; };
		8F5C424A19CB6E9E00699E63 /* en */ = {isa = PBXFileReference; lastKnownFileType = text.plist.strings; name = en; path = en.lproj/InfoPlist.strings; sourceTree = "<group>"; };
		8F5C424C19CB6E9E00699E63 /* FlickrStreamTests.m */ = {isa = PBXFileReference; lastKnownFileType = sourcecode.c.objc; path = FlickrStreamTests.m; sourceTree = "<group>"; };
		8F5C425619CB6F2100699E63 /* FlickrPhotosTVC.h */ = {isa = PBXFileReference; fileEncoding = 4; lastKnownFileType = sourcecode.c.h; path = FlickrPhotosTVC.h; sourceTree = "<group>"; };
		8F5C425719CB6F2100699E63 /* FlickrPhotosTVC.m */ = {isa = PBXFileReference; fileEncoding = 4; lastKnownFileType = sourcecode.c.objc; path = FlickrPhotosTVC.m; sourceTree = "<group>"; };
		8F5C425919CB701900699E63 /* JustPostedTVC.h */ = {isa = PBXFileReference; fileEncoding = 4; lastKnownFileType = sourcecode.c.h; path = JustPostedTVC.h; sourceTree = "<group>"; };
		8F5C425A19CB701900699E63 /* JustPostedTVC.m */ = {isa = PBXFileReference; fileEncoding = 4; lastKnownFileType = sourcecode.c.objc; path = JustPostedTVC.m; sourceTree = "<group>"; };
		8F690F0019CB7D2F0074E573 /* ImageViewController.h */ = {isa = PBXFileReference; fileEncoding = 4; lastKnownFileType = sourcecode.c.h; path = ImageViewController.h; sourceTree = "<group>"; };
		8F690F0119CB7D2F0074E573 /* ImageViewController.m */ = {isa = PBXFileReference; fileEncoding = 4; lastKnownFileType = sourcecode.c.objc; path = ImageViewController.m; sourceTree = "<group>"; };
/* End PBXFileReference section */

/* Begin PBXFrameworksBuildPhase section */
		8F5C421819CB6E9E00699E63 /* Frameworks */ = {
			isa = PBXFrameworksBuildPhase;
			buildActionMask = 2147483647;
			files = (
				8F5C422119CB6E9E00699E63 /* CoreGraphics.framework in Frameworks */,
				8F5C422319CB6E9E00699E63 /* UIKit.framework in Frameworks */,
				8F5C421F19CB6E9E00699E63 /* Foundation.framework in Frameworks */,
			);
			runOnlyForDeploymentPostprocessing = 0;
		};
		8F5C423C19CB6E9E00699E63 /* Frameworks */ = {
			isa = PBXFrameworksBuildPhase;
			buildActionMask = 2147483647;
			files = (
				8F5C424119CB6E9E00699E63 /* XCTest.framework in Frameworks */,
				8F5C424319CB6E9E00699E63 /* UIKit.framework in Frameworks */,
				8F5C424219CB6E9E00699E63 /* Foundation.framework in Frameworks */,
			);
			runOnlyForDeploymentPostprocessing = 0;
		};
/* End PBXFrameworksBuildPhase section */

/* Begin PBXGroup section */
		3A94EDE21AB5059100F1243A /* FlickrFetcher */ = {
			isa = PBXGroup;
			children = (
				3A94EDE31AB505C200F1243A /* FlickrAPIKey.h */,
				3A94EDE41AB505C200F1243A /* FlickrFetcher.h */,
				3A94EDE51AB505C200F1243A /* FlickrFetcher.m */,
			);
			name = FlickrFetcher;
			sourceTree = "<group>";
		};
		8F5C421219CB6E9E00699E63 = {
			isa = PBXGroup;
			children = (
				8F5C422419CB6E9E00699E63 /* FlickrStream */,
				8F5C424619CB6E9E00699E63 /* FlickrStreamTests */,
				8F5C421D19CB6E9E00699E63 /* Frameworks */,
				8F5C421C19CB6E9E00699E63 /* Products */,
			);
			sourceTree = "<group>";
		};
		8F5C421C19CB6E9E00699E63 /* Products */ = {
			isa = PBXGroup;
			children = (
				8F5C421B19CB6E9E00699E63 /* FlickrStream.app */,
				8F5C423F19CB6E9E00699E63 /* FlickrStreamTests.xctest */,
			);
			name = Products;
			sourceTree = "<group>";
		};
		8F5C421D19CB6E9E00699E63 /* Frameworks */ = {
			isa = PBXGroup;
			children = (
				8F5C421E19CB6E9E00699E63 /* Foundation.framework */,
				8F5C422019CB6E9E00699E63 /* CoreGraphics.framework */,
				8F5C422219CB6E9E00699E63 /* UIKit.framework */,
				8F5C424019CB6E9E00699E63 /* XCTest.framework */,
			);
			name = Frameworks;
			sourceTree = "<group>";
		};
		8F5C422419CB6E9E00699E63 /* FlickrStream */ = {
			isa = PBXGroup;
			children = (
				3A94EDE21AB5059100F1243A /* FlickrFetcher */,
				8F5C422D19CB6E9E00699E63 /* AppDelegate.h */,
				8F5C422E19CB6E9E00699E63 /* AppDelegate.m */,
				8F5C423019CB6E9E00699E63 /* Main_iPhone.storyboard */,
				8F5C423319CB6E9E00699E63 /* Main_iPad.storyboard */,
				8F5C425619CB6F2100699E63 /* FlickrPhotosTVC.h */,
				8F5C425719CB6F2100699E63 /* FlickrPhotosTVC.m */,
				8F690F0019CB7D2F0074E573 /* ImageViewController.h */,
				8F690F0119CB7D2F0074E573 /* ImageViewController.m */,
				8F5C425919CB701900699E63 /* JustPostedTVC.h */,
				8F5C425A19CB701900699E63 /* JustPostedTVC.m */,
				8F5C423919CB6E9E00699E63 /* Images.xcassets */,
				8F5C422519CB6E9E00699E63 /* Supporting Files */,
			);
			path = FlickrStream;
			sourceTree = "<group>";
		};
		8F5C422519CB6E9E00699E63 /* Supporting Files */ = {
			isa = PBXGroup;
			children = (
				8F5C422619CB6E9E00699E63 /* FlickrStream-Info.plist */,
				8F5C422719CB6E9E00699E63 /* InfoPlist.strings */,
				8F5C422A19CB6E9E00699E63 /* main.m */,
				8F5C422C19CB6E9E00699E63 /* FlickrStream-Prefix.pch */,
			);
			name = "Supporting Files";
			sourceTree = "<group>";
		};
		8F5C424619CB6E9E00699E63 /* FlickrStreamTests */ = {
			isa = PBXGroup;
			children = (
				8F5C424C19CB6E9E00699E63 /* FlickrStreamTests.m */,
				8F5C424719CB6E9E00699E63 /* Supporting Files */,
			);
			path = FlickrStreamTests;
			sourceTree = "<group>";
		};
		8F5C424719CB6E9E00699E63 /* Supporting Files */ = {
			isa = PBXGroup;
			children = (
				8F5C424819CB6E9E00699E63 /* FlickrStreamTests-Info.plist */,
				8F5C424919CB6E9E00699E63 /* InfoPlist.strings */,
			);
			name = "Supporting Files";
			sourceTree = "<group>";
		};
/* End PBXGroup section */

/* Begin PBXNativeTarget section */
		8F5C421A19CB6E9E00699E63 /* FlickrStream */ = {
			isa = PBXNativeTarget;
			buildConfigurationList = 8F5C425019CB6E9E00699E63 /* Build configuration list for PBXNativeTarget "FlickrStream" */;
			buildPhases = (
				8F5C421719CB6E9E00699E63 /* Sources */,
				8F5C421819CB6E9E00699E63 /* Frameworks */,
				8F5C421919CB6E9E00699E63 /* Resources */,
			);
			buildRules = (
			);
			dependencies = (
			);
			name = FlickrStream;
			productName = FlickrStream;
			productReference = 8F5C421B19CB6E9E00699E63 /* FlickrStream.app */;
			productType = "com.apple.product-type.application";
		};
		8F5C423E19CB6E9E00699E63 /* FlickrStreamTests */ = {
			isa = PBXNativeTarget;
			buildConfigurationList = 8F5C425319CB6E9E00699E63 /* Build configuration list for PBXNativeTarget "FlickrStreamTests" */;
			buildPhases = (
				8F5C423B19CB6E9E00699E63 /* Sources */,
				8F5C423C19CB6E9E00699E63 /* Frameworks */,
				8F5C423D19CB6E9E00699E63 /* Resources */,
			);
			buildRules = (
			);
			dependencies = (
				8F5C424519CB6E9E00699E63 /* PBXTargetDependency */,
			);
			name = FlickrStreamTests;
			productName = FlickrStreamTests;
			productReference = 8F5C423F19CB6E9E00699E63 /* FlickrStreamTests.xctest */;
			productType = "com.apple.product-type.bundle.unit-test";
		};
/* End PBXNativeTarget section */

/* Begin PBXProject section */
		8F5C421319CB6E9E00699E63 /* Project object */ = {
			isa = PBXProject;
			attributes = {
				LastUpgradeCheck = 0510;
				ORGANIZATIONNAME = "Abhishek Sisodia";
				TargetAttributes = {
					8F5C423E19CB6E9E00699E63 = {
						TestTargetID = 8F5C421A19CB6E9E00699E63;
					};
				};
			};
			buildConfigurationList = 8F5C421619CB6E9E00699E63 /* Build configuration list for PBXProject "FlickrStream" */;
			compatibilityVersion = "Xcode 3.2";
			developmentRegion = English;
			hasScannedForEncodings = 0;
			knownRegions = (
				en,
				Base,
			);
			mainGroup = 8F5C421219CB6E9E00699E63;
			productRefGroup = 8F5C421C19CB6E9E00699E63 /* Products */;
			projectDirPath = "";
			projectRoot = "";
			targets = (
				8F5C421A19CB6E9E00699E63 /* FlickrStream */,
				8F5C423E19CB6E9E00699E63 /* FlickrStreamTests */,
			);
		};
/* End PBXProject section */

/* Begin PBXResourcesBuildPhase section */
		8F5C421919CB6E9E00699E63 /* Resources */ = {
			isa = PBXResourcesBuildPhase;
			buildActionMask = 2147483647;
			files = (
				8F5C423519CB6E9E00699E63 /* Main_iPad.storyboard in Resources */,
				8F5C423A19CB6E9E00699E63 /* Images.xcassets in Resources */,
				8F5C423219CB6E9E00699E63 /* Main_iPhone.storyboard in Resources */,
				8F5C422919CB6E9E00699E63 /* InfoPlist.strings in Resources */,
			);
			runOnlyForDeploymentPostprocessing = 0;
		};
		8F5C423D19CB6E9E00699E63 /* Resources */ = {
			isa = PBXResourcesBuildPhase;
			buildActionMask = 2147483647;
			files = (
				8F5C424B19CB6E9E00699E63 /* InfoPlist.strings in Resources */,
			);
			runOnlyForDeploymentPostprocessing = 0;
		};
/* End PBXResourcesBuildPhase section */

/* Begin PBXSourcesBuildPhase section */
		8F5C421719CB6E9E00699E63 /* Sources */ = {
			isa = PBXSourcesBuildPhase;
			buildActionMask = 2147483647;
			files = (
				8F690F0219CB7D2F0074E573 /* ImageViewController.m in Sources */,
				8F5C425B19CB701900699E63 /* JustPostedTVC.m in Sources */,
				8F5C425819CB6F2100699E63 /* FlickrPhotosTVC.m in Sources */,
				8F5C422F19CB6E9E00699E63 /* AppDelegate.m in Sources */,
				3A94EDE61AB505C200F1243A /* FlickrFetcher.m in Sources */,
				8F5C422B19CB6E9E00699E63 /* main.m in Sources */,
			);
			runOnlyForDeploymentPostprocessing = 0;
		};
		8F5C423B19CB6E9E00699E63 /* Sources */ = {
			isa = PBXSourcesBuildPhase;
			buildActionMask = 2147483647;
			files = (
				8F5C424D19CB6E9E00699E63 /* FlickrStreamTests.m in Sources */,
			);
			runOnlyForDeploymentPostprocessing = 0;
		};
/* End PBXSourcesBuildPhase section */

/* Begin PBXTargetDependency section */
		8F5C424519CB6E9E00699E63 /* PBXTargetDependency */ = {
			isa = PBXTargetDependency;
			target = 8F5C421A19CB6E9E00699E63 /* FlickrStream */;
			targetProxy = 8F5C424419CB6E9E00699E63 /* PBXContainerItemProxy */;
		};
/* End PBXTargetDependency section */

/* Begin PBXVariantGroup section */
		8F5C422719CB6E9E00699E63 /* InfoPlist.strings */ = {
			isa = PBXVariantGroup;
			children = (
				8F5C422819CB6E9E00699E63 /* en */,
			);
			name = InfoPlist.strings;
			sourceTree = "<group>";
		};
		8F5C423019CB6E9E00699E63 /* Main_iPhone.storyboard */ = {
			isa = PBXVariantGroup;
			children = (
				8F5C423119CB6E9E00699E63 /* Base */,
			);
			name = Main_iPhone.storyboard;
			sourceTree = "<group>";
		};
		8F5C423319CB6E9E00699E63 /* Main_iPad.storyboard */ = {
			isa = PBXVariantGroup;
			children = (
				8F5C423419CB6E9E00699E63 /* Base */,
			);
			name = Main_iPad.storyboard;
			sourceTree = "<group>";
		};
		8F5C424919CB6E9E00699E63 /* InfoPlist.strings */ = {
			isa = PBXVariantGroup;
			children = (
				8F5C424A19CB6E9E00699E63 /* en */,
			);
			name = InfoPlist.strings;
			sourceTree = "<group>";
		};
/* End PBXVariantGroup section */

/* Begin XCBuildConfiguration section */
		8F5C424E19CB6E9E00699E63 /* Debug */ = {
			isa = XCBuildConfiguration;
			buildSettings = {
				ALWAYS_SEARCH_USER_PATHS = NO;
				CLANG_CXX_LANGUAGE_STANDARD = "gnu++0x";
				CLANG_CXX_LIBRARY = "libc++";
				CLANG_ENABLE_MODULES = YES;
				CLANG_ENABLE_OBJC_ARC = YES;
				CLANG_WARN_BOOL_CONVERSION = YES;
				CLANG_WARN_CONSTANT_CONVERSION = YES;
				CLANG_WARN_DIRECT_OBJC_ISA_USAGE = YES_ERROR;
				CLANG_WARN_EMPTY_BODY = YES;
				CLANG_WARN_ENUM_CONVERSION = YES;
				CLANG_WARN_INT_CONVERSION = YES;
				CLANG_WARN_OBJC_ROOT_CLASS = YES_ERROR;
				CLANG_WARN__DUPLICATE_METHOD_MATCH = YES;
				"CODE_SIGN_IDENTITY[sdk=iphoneos*]" = "iPhone Developer";
				COPY_PHASE_STRIP = NO;
				GCC_C_LANGUAGE_STANDARD = gnu99;
				GCC_DYNAMIC_NO_PIC = NO;
				GCC_OPTIMIZATION_LEVEL = 0;
				GCC_PREPROCESSOR_DEFINITIONS = (
					"DEBUG=1",
					"$(inherited)",
				);
				GCC_SYMBOLS_PRIVATE_EXTERN = NO;
				GCC_WARN_64_TO_32_BIT_CONVERSION = YES;
				GCC_WARN_ABOUT_RETURN_TYPE = YES_ERROR;
				GCC_WARN_UNDECLARED_SELECTOR = YES;
				GCC_WARN_UNINITIALIZED_AUTOS = YES_AGGRESSIVE;
				GCC_WARN_UNUSED_FUNCTION = YES;
				GCC_WARN_UNUSED_VARIABLE = YES;
				IPHONEOS_DEPLOYMENT_TARGET = 7.1;
				ONLY_ACTIVE_ARCH = YES;
				SDKROOT = iphoneos;
				TARGETED_DEVICE_FAMILY = "1,2";
			};
			name = Debug;
		};
		8F5C424F19CB6E9E00699E63 /* Release */ = {
			isa = XCBuildConfiguration;
			buildSettings = {
				ALWAYS_SEARCH_USER_PATHS = NO;
				CLANG_CXX_LANGUAGE_STANDARD = "gnu++0x";
				CLANG_CXX_LIBRARY = "libc++";
				CLANG_ENABLE_MODULES = YES;
				CLANG_ENABLE_OBJC_ARC = YES;
				CLANG_WARN_BOOL_CONVERSION = YES;
				CLANG_WARN_CONSTANT_CONVERSION = YES;
				CLANG_WARN_DIRECT_OBJC_ISA_USAGE = YES_ERROR;
				CLANG_WARN_EMPTY_BODY = YES;
				CLANG_WARN_ENUM_CONVERSION = YES;
				CLANG_WARN_INT_CONVERSION = YES;
				CLANG_WARN_OBJC_ROOT_CLASS = YES_ERROR;
				CLANG_WARN__DUPLICATE_METHOD_MATCH = YES;
				"CODE_SIGN_IDENTITY[sdk=iphoneos*]" = "iPhone Developer";
				COPY_PHASE_STRIP = YES;
				ENABLE_NS_ASSERTIONS = NO;
				GCC_C_LANGUAGE_STANDARD = gnu99;
				GCC_WARN_64_TO_32_BIT_CONVERSION = YES;
				GCC_WARN_ABOUT_RETURN_TYPE = YES_ERROR;
				GCC_WARN_UNDECLARED_SELECTOR = YES;
				GCC_WARN_UNINITIALIZED_AUTOS = YES_AGGRESSIVE;
				GCC_WARN_UNUSED_FUNCTION = YES;
				GCC_WARN_UNUSED_VARIABLE = YES;
				IPHONEOS_DEPLOYMENT_TARGET = 7.1;
				SDKROOT = iphoneos;
				TARGETED_DEVICE_FAMILY = "1,2";
				VALIDATE_PRODUCT = YES;
			};
			name = Release;
		};
		8F5C425119CB6E9E00699E63 /* Debug */ = {
			isa = XCBuildConfiguration;
			buildSettings = {
				ASSETCATALOG_COMPILER_APPICON_NAME = AppIcon;
				ASSETCATALOG_COMPILER_LAUNCHIMAGE_NAME = LaunchImage;
				GCC_PRECOMPILE_PREFIX_HEADER = YES;
				GCC_PREFIX_HEADER = "FlickrStream/FlickrStream-Prefix.pch";
				INFOPLIST_FILE = "FlickrStream/FlickrStream-Info.plist";
				PRODUCT_NAME = "$(TARGET_NAME)";
				WRAPPER_EXTENSION = app;
			};
			name = Debug;
		};
		8F5C425219CB6E9E00699E63 /* Release */ = {
			isa = XCBuildConfiguration;
			buildSettings = {
				ASSETCATALOG_COMPILER_APPICON_NAME = AppIcon;
				ASSETCATALOG_COMPILER_LAUNCHIMAGE_NAME = LaunchImage;
				GCC_PRECOMPILE_PREFIX_HEADER = YES;
				GCC_PREFIX_HEADER = "FlickrStream/FlickrStream-Prefix.pch";
				INFOPLIST_FILE = "FlickrStream/FlickrStream-Info.plist";
				PRODUCT_NAME = "$(TARGET_NAME)";
				WRAPPER_EXTENSION = app;
			};
			name = Release;
		};
		8F5C425419CB6E9E00699E63 /* Debug */ = {
			isa = XCBuildConfiguration;
			buildSettings = {
				BUNDLE_LOADER = "$(BUILT_PRODUCTS_DIR)/FlickrStream.app/FlickrStream";
				FRAMEWORK_SEARCH_PATHS = (
					"$(SDKROOT)/Developer/Library/Frameworks",
					"$(inherited)",
					"$(DEVELOPER_FRAMEWORKS_DIR)",
				);
				GCC_PRECOMPILE_PREFIX_HEADER = YES;
				GCC_PREFIX_HEADER = "FlickrStream/FlickrStream-Prefix.pch";
				GCC_PREPROCESSOR_DEFINITIONS = (
					"DEBUG=1",
					"$(inherited)",
				);
				INFOPLIST_FILE = "FlickrStreamTests/FlickrStreamTests-Info.plist";
				PRODUCT_NAME = "$(TARGET_NAME)";
				TEST_HOST = "$(BUNDLE_LOADER)";
				WRAPPER_EXTENSION = xctest;
			};
			name = Debug;
		};
		8F5C425519CB6E9E00699E63 /* Release */ = {
			isa = XCBuildConfiguration;
			buildSettings = {
				BUNDLE_LOADER = "$(BUILT_PRODUCTS_DIR)/FlickrStream.app/FlickrStream";
				FRAMEWORK_SEARCH_PATHS = (
					"$(SDKROOT)/Developer/Library/Frameworks",
					"$(inherited)",
					"$(DEVELOPER_FRAMEWORKS_DIR)",
				);
				GCC_PRECOMPILE_PREFIX_HEADER = YES;
				GCC_PREFIX_HEADER = "FlickrStream/FlickrStream-Prefix.pch";
				INFOPLIST_FILE = "FlickrStreamTests/FlickrStreamTests-Info.plist";
				PRODUCT_NAME = "$(TARGET_NAME)";
				TEST_HOST = "$(BUNDLE_LOADER)";
				WRAPPER_EXTENSION = xctest;
			};
			name = Release;
		};
/* End XCBuildConfiguration section */

/* Begin XCConfigurationList section */
		8F5C421619CB6E9E00699E63 /* Build configuration list for PBXProject "FlickrStream" */ = {
			isa = XCConfigurationList;
			buildConfigurations = (
				8F5C424E19CB6E9E00699E63 /* Debug */,
				8F5C424F19CB6E9E00699E63 /* Release */,
			);
			defaultConfigurationIsVisible = 0;
			defaultConfigurationName = Release;
		};
		8F5C425019CB6E9E00699E63 /* Build configuration list for PBXNativeTarget "FlickrStream" */ = {
			isa = XCConfigurationList;
			buildConfigurations = (
				8F5C425119CB6E9E00699E63 /* Debug */,
				8F5C425219CB6E9E00699E63 /* Release */,
			);
			defaultConfigurationIsVisible = 0;
			defaultConfigurationName = Release;
		};
		8F5C425319CB6E9E00699E63 /* Build configuration list for PBXNativeTarget "FlickrStreamTests" */ = {
			isa = XCConfigurationList;
			buildConfigurations = (
				8F5C425419CB6E9E00699E63 /* Debug */,
				8F5C425519CB6E9E00699E63 /* Release */,
			);
			defaultConfigurationIsVisible = 0;
			defaultConfigurationName = Release;
		};
/* End XCConfigurationList section */
	};
	rootObject = 8F5C421319CB6E9E00699E63 /* Project object */;
}
